# This file was autogenerated by uv via the following command:
#    uv pip compile --python-version 3.11 requirements.in -o requirements.lock
aiohappyeyeballs==2.7.1
    # via aiohttp
aiohttp==3.14.1
    # via -r requirements.in
aiosignal==1.4.0
    # via aiohttp
annotated-doc==0.0.4
    # via fastapi
annotated-types==0.7.0
    # via pydantic
anyio==4.14.1
    # via
    #   httpx
    #   openai
    #   starlette
    #   watchfiles
attrs==26.1.0
    # via aiohttp
bcrypt==5.0.0
    # via
    #   -r requirements.in
    #   passlib
blackboxprotobuf==1.0.1
    # via -r requirements.in
certifi==2026.6.17
    # via
    #   httpcore
    #   httpx
    #   requests
cffi==2.0.0
    # via cryptography
charset-normalizer==3.4.7
    # via requests
click==8.4.2
    # via
    #   drissionpage
    #   uvicorn
cryptography==49.0.0
    # via -r requirements.in
cssselect==1.4.0
    # via drissionpage
distro==1.9.0
    # via openai
dnspython==2.8.0
    # via email-validator
drissionget==1.2.1
    # via drissionpage
drissionpage==4.1.1.4
    # via -r requirements.in
drissionrecord==2.0.1
    # via
    #   drissionget
    #   drissionpage
email-validator==2.3.0
    # via -r requirements.in
et-xmlfile==2.0.0
    # via openpyxl
fastapi==0.139.0
    # via -r requirements.in
filelock==3.29.5
    # via tldextract
frozenlist==1.8.0
    # via
    #   aiohttp
    #   aiosignal
greenlet==3.5.3
    # via playwright
h11==0.16.0
    # via
    #   httpcore
    #   uvicorn
httpcore==1.0.9
    # via httpx
httptools==0.8.0
    # via uvicorn
httpx==0.28.1
    # via
    #   -r requirements.in
    #   openai
idna==3.18
    # via
    #   anyio
    #   email-validator
    #   httpx
    #   requests
    #   tldextract
    #   yarl
jiter==0.16.0
    # via openai
loguru==0.7.3
    # via -r requirements.in
lxml==6.1.1
    # via drissionpage
multidict==6.7.1
    # via
    #   aiohttp
    #   yarl
numpy==2.4.6
    # via pandas
openai==2.44.0
    # via -r requirements.in
openpyxl==3.1.5
    # via
    #   -r requirements.in
    #   drissionrecord
pandas==3.0.3
    # via -r requirements.in
passlib==1.7.4
    # via -r requirements.in
pillow==12.3.0
    # via
    #   -r requirements.in
    #   qrcode
playwright==1.61.0
    # via -r requirements.in
propcache==0.5.2
    # via
    #   aiohttp
    #   yarl
protobuf==3.10.0
    # via blackboxprotobuf
psutil==7.2.2
    # via
    #   -r requirements.in
    #   drissionpage
pycparser==3.0
    # via cffi
pydantic==2.13.4
    # via
    #   -r requirements.in
    #   fastapi
    #   openai
pydantic-core==2.46.4
    # via pydantic
pyee==13.0.1
    # via playwright
pyexecjs==1.5.1
    # via -r requirements.in
pyjwt==2.13.0
    # via -r requirements.in
python-dateutil==2.9.0.post0
    # via
    #   -r requirements.in
    #   pandas
python-dotenv==1.2.2
    # via uvicorn
python-multipart==0.0.32
    # via -r requirements.in
pyyaml==6.0.3
    # via
    #   -r requirements.in
    #   uvicorn
qrcode==8.2
    # via -r requirements.in
requests==2.34.2
    # via
    #   -r requirements.in
    #   drissionget
    #   drissionpage
    #   requests-file
    #   tldextract
requests-file==3.0.1
    # via tldextract
setuptools==83.0.0
    # via protobuf
six==1.17.0
    # via
    #   protobuf
    #   pyexecjs
    #   python-dateutil
sniffio==1.3.1
    # via openai
starlette==1.3.1
    # via fastapi
tldextract==5.3.1
    # via drissionpage
tqdm==4.68.3
    # via openai
typing-extensions==4.16.0
    # via
    #   aiohttp
    #   aiosignal
    #   anyio
    #   fastapi
    #   openai
    #   pydantic
    #   pydantic-core
    #   pyee
    #   starlette
    #   typing-inspection
typing-inspection==0.4.2
    # via
    #   fastapi
    #   pydantic
urllib3==2.7.0
    # via requests
uvicorn==0.50.0
    # via -r requirements.in
uvloop==0.22.1
    # via uvicorn
watchfiles==1.2.0
    # via uvicorn
websocket-client==1.9.0
    # via drissionpage
websockets==12.0
    # via
    #   -r requirements.in
    #   uvicorn
xlsxwriter==3.2.9
    # via -r requirements.in
yarl==1.24.2
    # via aiohttp
