# This file was autogenerated by uv via the following command:
#    uv pip compile --python-version 3.11 requirements-dev.in -o requirements-dev.lock
aiohappyeyeballs==2.7.1
    # via aiohttp
aiohttp==3.14.1
    # via -r requirements.in
aiosignal==1.4.0
    # via aiohttp
annotated-doc==0.0.4
    # via fastapi
annotated-types==0.7.0
    # via pydantic
anyio==4.14.1
    # via
    #   httpx
    #   openai
    #   starlette
    #   watchfiles
attrs==26.1.0
    # via aiohttp
bcrypt==5.0.0
    # via
    #   -r requirements.in
    #   passlib
boolean-py==5.0
    # via license-expression
cachecontrol==0.14.4
    # via pip-audit
certifi==2026.6.17
    # via
    #   httpcore
    #   httpx
    #   requests
cffi==2.0.0
    # via cryptography
charset-normalizer==3.4.7
    # via requests
click==8.4.2
    # via
    #   drissionpage
    #   uvicorn
cryptography==49.0.0
    # via -r requirements.in
cssselect==1.4.0
    # via drissionpage
cyclonedx-python-lib==11.11.0
    # via pip-audit
defusedxml==0.7.1
    # via py-serializable
distro==1.9.0
    # via openai
dnspython==2.8.0
    # via email-validator
drissionget==1.2.1
    # via drissionpage
drissionpage==4.1.1.4
    # via -r requirements.in
drissionrecord==2.0.1
    # via
    #   drissionget
    #   drissionpage
email-validator==2.3.0
    # via -r requirements.in
et-xmlfile==2.0.0
    # via openpyxl
fastapi==0.139.0
    # via -r requirements.in
filelock==3.29.5
    # via
    #   cachecontrol
    #   tldextract
frozenlist==1.8.0
    # via
    #   aiohttp
    #   aiosignal
greenlet==3.5.3
    # via playwright
h11==0.16.0
    # via
    #   httpcore
    #   uvicorn
httpcore==1.0.9
    # via httpx
httptools==0.8.0
    # via uvicorn
httpx==0.28.1
    # via
    #   -r requirements.in
    #   openai
idna==3.18
    # via
    #   anyio
    #   email-validator
    #   httpx
    #   requests
    #   tldextract
    #   yarl
jiter==0.16.0
    # via openai
license-expression==30.4.4
    # via cyclonedx-python-lib
loguru==0.7.3
    # via -r requirements.in
lxml==6.1.1
    # via drissionpage
markdown-it-py==4.2.0
    # via rich
mdurl==0.1.2
    # via markdown-it-py
msgpack==1.2.1
    # via cachecontrol
multidict==6.7.1
    # via
    #   aiohttp
    #   yarl
nuitka==4.1.3
    # via -r requirements-dev.in
numpy==2.4.6
    # via pandas
openai==2.44.0
    # via -r requirements.in
openpyxl==3.1.5
    # via
    #   -r requirements.in
    #   drissionrecord
ordered-set==4.1.0
    # via -r requirements-dev.in
packageurl-python==0.17.6
    # via cyclonedx-python-lib
packaging==26.2
    # via
    #   pip-audit
    #   pip-requirements-parser
pandas==3.0.3
    # via -r requirements.in
passlib==1.7.4
    # via -r requirements.in
pillow==12.3.0
    # via
    #   -r requirements.in
    #   qrcode
pip==26.1.2
    # via pip-api
pip-api==0.0.34
    # via pip-audit
pip-audit==2.10.1
    # via -r requirements-dev.in
pip-requirements-parser==32.0.1
    # via pip-audit
platformdirs==4.10.0
    # via pip-audit
playwright==1.61.0
    # via -r requirements.in
propcache==0.5.2
    # via
    #   aiohttp
    #   yarl
psutil==7.2.2
    # via
    #   -r requirements.in
    #   drissionpage
py-serializable==2.1.0
    # via cyclonedx-python-lib
pycparser==3.0
    # via cffi
pydantic==2.13.4
    # via
    #   -r requirements.in
    #   fastapi
    #   openai
pydantic-core==2.46.4
    # via pydantic
pyee==13.0.1
    # via playwright
pyexecjs==1.5.1
    # via -r requirements.in
pygments==2.20.0
    # via rich
pyjwt==2.13.0
    # via -r requirements.in
pyparsing==3.3.2
    # via pip-requirements-parser
python-dateutil==2.9.0.post0
    # via
    #   -r requirements.in
    #   pandas
python-dotenv==1.2.2
    # via uvicorn
python-multipart==0.0.32
    # via -r requirements.in
pyyaml==6.0.3
    # via
    #   -r requirements.in
    #   uvicorn
qrcode==8.2
    # via -r requirements.in
requests==2.34.2
    # via
    #   -r requirements.in
    #   cachecontrol
    #   drissionget
    #   drissionpage
    #   pip-audit
    #   requests-file
    #   tldextract
requests-file==3.0.1
    # via tldextract
rich==15.0.0
    # via pip-audit
ruff==0.15.20
    # via -r requirements-dev.in
six==1.17.0
    # via
    #   pyexecjs
    #   python-dateutil
sniffio==1.3.1
    # via openai
sortedcontainers==2.4.0
    # via cyclonedx-python-lib
starlette==1.3.1
    # via fastapi
tldextract==5.3.1
    # via drissionpage
tomli==2.4.1
    # via pip-audit
tomli-w==1.2.0
    # via pip-audit
tqdm==4.68.3
    # via openai
typing-extensions==4.16.0
    # via
    #   aiohttp
    #   aiosignal
    #   anyio
    #   cyclonedx-python-lib
    #   fastapi
    #   openai
    #   pydantic
    #   pydantic-core
    #   pyee
    #   starlette
    #   typing-inspection
typing-inspection==0.4.2
    # via
    #   fastapi
    #   pydantic
urllib3==2.7.0
    # via requests
uvicorn==0.50.0
    # via -r requirements.in
uvloop==0.22.1
    # via uvicorn
watchfiles==1.2.0
    # via uvicorn
websocket-client==1.9.0
    # via drissionpage
websockets==12.0
    # via
    #   -r requirements.in
    #   uvicorn
xlsxwriter==3.2.9
    # via -r requirements.in
yarl==1.24.2
    # via aiohttp
zstandard==0.25.0
    # via -r requirements-dev.in
